
Microsoft Visual Studio Solution File, Format Version 12.00
# Visual Studio 15
VisualStudioVersion = 15.0.28010.0
MinimumVisualStudioVersion = 10.0.40219.1
Project("{FAE04EC0-301F-11D3-BF4B-00C04F79EFBC}") = "Enigma3.0", "Enigma3.0\Enigma3.0.csproj", "{64D2D73E-7A11-47A2-96C5-B6602985BFCB}"
EndProject
Global
	GlobalSection(SolutionConfigurationPlatforms) = preSolution
		Debug|Any CPU = Debug|Any CPU
		Release|Any CPU = Release|Any CPU
	EndGlobalSection
	GlobalSection(ProjectConfigurationPlatforms) = postSolution
		{64D2D73E-7A11-47A2-96C5-B6602985BFCB}.Debug|Any CPU.ActiveCfg = Debug|Any CPU
		{64D2D73E-7A11-47A2-96C5-B6602985BFCB}.Debug|Any CPU.Build.0 = Debug|Any CPU
		{64D2D73E-7A11-47A2-96C5-B6602985BFCB}.Release|Any CPU.ActiveCfg = Release|Any CPU
		{64D2D73E-7A11-47A2-96C5-B6602985BFCB}.Release|Any CPU.Build.0 = Release|Any CPU
	EndGlobalSection
	GlobalSection(SolutionProperties) = preSolution
		HideSolutionNode = FALSE
	EndGlobalSection
	GlobalSection(ExtensibilityGlobals) = postSolution
		SolutionGuid = {4B6AE0B4-0AD6-421A-A2C7-09748A03BB32}
	EndGlobalSection
EndGlobal
